
Microsoft Visual Studio Solution File, Format Version 12.00
# Visual Studio Version 17
VisualStudioVersion = 17.8.34330.188
MinimumVisualStudioVersion = 10.0.40219.1
Project("{8BC9CEB8-8B4A-11D0-8D11-00A0C91BC942}") = "patient-data", "patient-data.vcxproj", "{723A2FD8-DD46-4F70-A5FE-F7A2D5E409FA}"
EndProject
Project("{8BC9CEB8-8B4A-11D0-8D11-00A0C91BC942}") = "tests", "tests\tests.vcxproj", "{1A27C2F5-FCC3-495E-A1E5-605D61D634B9}"
EndProject
Global
	GlobalSection(SolutionConfigurationPlatforms) = preSolution
		Debug|x64 = Debug|x64
		Debug|x86 = Debug|x86
		Release|x64 = Release|x64
		Release|x86 = Release|x86
	EndGlobalSection
	GlobalSection(ProjectConfigurationPlatforms) = postSolution
		{723A2FD8-DD46-4F70-A5FE-F7A2D5E409FA}.Debug|x64.ActiveCfg = Debug|x64
		{723A2FD8-DD46-4F70-A5FE-F7A2D5E409FA}.Debug|x64.Build.0 = Debug|x64
		{723A2FD8-DD46-4F70-A5FE-F7A2D5E409FA}.Debug|x86.ActiveCfg = Debug|Win32
		{723A2FD8-DD46-4F70-A5FE-F7A2D5E409FA}.Debug|x86.Build.0 = Debug|Win32
		{723A2FD8-DD46-4F70-A5FE-F7A2D5E409FA}.Release|x64.ActiveCfg = Release|x64
		{723A2FD8-DD46-4F70-A5FE-F7A2D5E409FA}.Release|x64.Build.0 = Release|x64
		{723A2FD8-DD46-4F70-A5FE-F7A2D5E409FA}.Release|x86.ActiveCfg = Release|Win32
		{723A2FD8-DD46-4F70-A5FE-F7A2D5E409FA}.Release|x86.Build.0 = Release|Win32
		{1A27C2F5-FCC3-495E-A1E5-605D61D634B9}.Debug|x64.ActiveCfg = Debug|x64
		{1A27C2F5-FCC3-495E-A1E5-605D61D634B9}.Debug|x64.Build.0 = Debug|x64
		{1A27C2F5-FCC3-495E-A1E5-605D61D634B9}.Debug|x86.ActiveCfg = Debug|Win32
		{1A27C2F5-FCC3-495E-A1E5-605D61D634B9}.Debug|x86.Build.0 = Debug|Win32
		{1A27C2F5-FCC3-495E-A1E5-605D61D634B9}.Release|x64.ActiveCfg = Release|x64
		{1A27C2F5-FCC3-495E-A1E5-605D61D634B9}.Release|x64.Build.0 = Release|x64
		{1A27C2F5-FCC3-495E-A1E5-605D61D634B9}.Release|x86.ActiveCfg = Release|Win32
		{1A27C2F5-FCC3-495E-A1E5-605D61D634B9}.Release|x86.Build.0 = Release|Win32
	EndGlobalSection
	GlobalSection(SolutionProperties) = preSolution
		HideSolutionNode = FALSE
	EndGlobalSection
	GlobalSection(ExtensibilityGlobals) = postSolution
		SolutionGuid = {10DEFCD2-1738-4FBB-9794-F06DD9CF006A}
	EndGlobalSection
EndGlobal
