<?xml version="1.0" encoding="utf-8"?>
<Project ToolsVersion="4.0" xmlns="http://schemas.microsoft.com/developer/msbuild/2003">
  <ItemGroup>
    <ClCompile Include="src\main.cpp" />
    <ClCompile Include="tests\tests.cpp" />
    <ClCompile Include="src\database.cpp" />
    <ClCompile Include="src\user.cpp" />
    <ClCompile Include="src\hashing.cpp" />
    <ClCompile Include="src\patient.cpp" />
    <ClCompile Include="src\accessLevel.cpp" />
  </ItemGroup>
  <ItemGroup>
    <ClInclude Include="include\database.hpp" />
    <ClInclude Include="include\user.hpp" />
    <ClInclude Include="include\accessLevel.hpp" />
    <ClInclude Include="include\hashing.hpp" />
    <ClInclude Include="include\patient.hpp" />
  </ItemGroup>
</Project>